
Microsoft Visual Studio Solution File, Format Version 12.00
# Visual Studio Version 16
VisualStudioVersion = 16.0.30621.155
MinimumVisualStudioVersion = 10.0.40219.1
Project("{9A19103F-16F7-4668-BE54-9A1E7A4F7556}") = "LetsMeatAPI", "LetsMeatAPI.csproj", "{4837394C-7CF0-43C4-83AE-90F63454716F}"
EndProject
Project("{2150E333-8FDC-42A3-9474-1A3956D46DE8}") = "Solution Items", "Solution Items", "{07FC1C12-8718-48C0-8137-1F55E4CD3496}"
	ProjectSection(SolutionItems) = preProject
		.editorconfig = .editorconfig
	EndProjectSection
EndProject
Global
	GlobalSection(SolutionConfigurationPlatforms) = preSolution
		Debug|Any CPU = Debug|Any CPU
		Release|Any CPU = Release|Any CPU
	EndGlobalSection
	GlobalSection(ProjectConfigurationPlatforms) = postSolution
		{4837394C-7CF0-43C4-83AE-90F63454716F}.Debug|Any CPU.ActiveCfg = Debug|Any CPU
		{4837394C-7CF0-43C4-83AE-90F63454716F}.Debug|Any CPU.Build.0 = Debug|Any CPU
		{4837394C-7CF0-43C4-83AE-90F63454716F}.Release|Any CPU.ActiveCfg = Release|Any CPU
		{4837394C-7CF0-43C4-83AE-90F63454716F}.Release|Any CPU.Build.0 = Release|Any CPU
	EndGlobalSection
	GlobalSection(SolutionProperties) = preSolution
		HideSolutionNode = FALSE
	EndGlobalSection
	GlobalSection(ExtensibilityGlobals) = postSolution
		SolutionGuid = {5FAE2FBC-C548-472A-BA29-2CC4FB3A12D0}
	EndGlobalSection
EndGlobal
